
Microsoft Visual Studio Solution File, Format Version 12.00
# Visual Studio Version 16
VisualStudioVersion = 16.0.30711.63
MinimumVisualStudioVersion = 10.0.40219.1
Project("{FAE04EC0-301F-11D3-BF4B-00C04F79EFBC}") = "demo_entity", "demo_entity.csproj", "{FC094A82-FE3A-4A2E-8644-18A475E574FF}"
EndProject
Global
	GlobalSection(SolutionConfigurationPlatforms) = preSolution
		Debug|Any CPU = Debug|Any CPU
		Release|Any CPU = Release|Any CPU
	EndGlobalSection
	GlobalSection(ProjectConfigurationPlatforms) = postSolution
		{FC094A82-FE3A-4A2E-8644-18A475E574FF}.Debug|Any CPU.ActiveCfg = Debug|Any CPU
		{FC094A82-FE3A-4A2E-8644-18A475E574FF}.Debug|Any CPU.Build.0 = Debug|Any CPU
		{FC094A82-FE3A-4A2E-8644-18A475E574FF}.Release|Any CPU.ActiveCfg = Release|Any CPU
		{FC094A82-FE3A-4A2E-8644-18A475E574FF}.Release|Any CPU.Build.0 = Release|Any CPU
	EndGlobalSection
	GlobalSection(SolutionProperties) = preSolution
		HideSolutionNode = FALSE
	EndGlobalSection
	GlobalSection(ExtensibilityGlobals) = postSolution
		SolutionGuid = {D0324DED-C10D-4256-A775-167CEA43FE00}
	EndGlobalSection
EndGlobal
